
Microsoft Visual Studio Solution File, Format Version 12.00
# Visual Studio 15
VisualStudioVersion = 15.0.28307.1340
MinimumVisualStudioVersion = 10.0.40219.1
Project("{FAE04EC0-301F-11D3-BF4B-00C04F79EFBC}") = "ContourSeriesTest", "ContourSeriesTest\ContourSeriesTest.csproj", "{27758938-F6CD-41F2-919A-2ABBEB455C9B}"
EndProject
Global
	GlobalSection(SolutionConfigurationPlatforms) = preSolution
		Debug|Any CPU = Debug|Any CPU
		Release|Any CPU = Release|Any CPU
	EndGlobalSection
	GlobalSection(ProjectConfigurationPlatforms) = postSolution
		{27758938-F6CD-41F2-919A-2ABBEB455C9B}.Debug|Any CPU.ActiveCfg = Debug|Any CPU
		{27758938-F6CD-41F2-919A-2ABBEB455C9B}.Debug|Any CPU.Build.0 = Debug|Any CPU
		{27758938-F6CD-41F2-919A-2ABBEB455C9B}.Release|Any CPU.ActiveCfg = Release|Any CPU
		{27758938-F6CD-41F2-919A-2ABBEB455C9B}.Release|Any CPU.Build.0 = Release|Any CPU
	EndGlobalSection
	GlobalSection(SolutionProperties) = preSolution
		HideSolutionNode = FALSE
	EndGlobalSection
	GlobalSection(ExtensibilityGlobals) = postSolution
		SolutionGuid = {6B65BCF3-4737-4183-8FDD-792AAE873D40}
	EndGlobalSection
EndGlobal
